
Microsoft Visual Studio Solution File, Format Version 12.00
# Visual Studio Version 17
VisualStudioVersion = 17.0.32014.148
MinimumVisualStudioVersion = 10.0.40219.1
Project("{9A19103F-16F7-4668-BE54-9A1E7A4F7556}") = "OrdersDbArchiver.DataAccessLayer", "OrdersDbArchiver.DataAccessLayer\OrdersDbArchiver.DataAccessLayer.csproj", "{489FEE48-ACCC-4070-A0A5-E1E95B1253FA}"
EndProject
Project("{9A19103F-16F7-4668-BE54-9A1E7A4F7556}") = "OrdersDbArchiver.BusinessLogicLayer", "OrdersDbArchiver.BusinessLogicLayer\OrdersDbArchiver.BusinessLogicLayer.csproj", "{AE539BD8-19D5-471C-86AE-539202C7240D}"
EndProject
Project("{FAE04EC0-301F-11D3-BF4B-00C04F79EFBC}") = "OrdersDbArchiver.ServiceClient", "OrdersDbArchiver.ServiceClient\OrdersDbArchiver.ServiceClient.csproj", "{C56ED0B8-F120-4217-96E1-9C8F095EB07D}"
EndProject
Project("{FAE04EC0-301F-11D3-BF4B-00C04F79EFBC}") = "OrdersDbArchiver.ConsoleClient", "OrdersDbArchiver.ConsoleClient\OrdersDbArchiver.ConsoleClient.csproj", "{151E60CE-9948-4BF5-B57F-5A1891CDC7D4}"
EndProject
Global
	GlobalSection(SolutionConfigurationPlatforms) = preSolution
		Debug|Any CPU = Debug|Any CPU
		Release|Any CPU = Release|Any CPU
	EndGlobalSection
	GlobalSection(ProjectConfigurationPlatforms) = postSolution
		{489FEE48-ACCC-4070-A0A5-E1E95B1253FA}.Debug|Any CPU.ActiveCfg = Debug|Any CPU
		{489FEE48-ACCC-4070-A0A5-E1E95B1253FA}.Debug|Any CPU.Build.0 = Debug|Any CPU
		{489FEE48-ACCC-4070-A0A5-E1E95B1253FA}.Release|Any CPU.ActiveCfg = Release|Any CPU
		{489FEE48-ACCC-4070-A0A5-E1E95B1253FA}.Release|Any CPU.Build.0 = Release|Any CPU
		{AE539BD8-19D5-471C-86AE-539202C7240D}.Debug|Any CPU.ActiveCfg = Debug|Any CPU
		{AE539BD8-19D5-471C-86AE-539202C7240D}.Debug|Any CPU.Build.0 = Debug|Any CPU
		{AE539BD8-19D5-471C-86AE-539202C7240D}.Release|Any CPU.ActiveCfg = Release|Any CPU
		{AE539BD8-19D5-471C-86AE-539202C7240D}.Release|Any CPU.Build.0 = Release|Any CPU
		{C56ED0B8-F120-4217-96E1-9C8F095EB07D}.Debug|Any CPU.ActiveCfg = Debug|Any CPU
		{C56ED0B8-F120-4217-96E1-9C8F095EB07D}.Debug|Any CPU.Build.0 = Debug|Any CPU
		{C56ED0B8-F120-4217-96E1-9C8F095EB07D}.Release|Any CPU.ActiveCfg = Release|Any CPU
		{C56ED0B8-F120-4217-96E1-9C8F095EB07D}.Release|Any CPU.Build.0 = Release|Any CPU
		{151E60CE-9948-4BF5-B57F-5A1891CDC7D4}.Debug|Any CPU.ActiveCfg = Debug|Any CPU
		{151E60CE-9948-4BF5-B57F-5A1891CDC7D4}.Debug|Any CPU.Build.0 = Debug|Any CPU
		{151E60CE-9948-4BF5-B57F-5A1891CDC7D4}.Release|Any CPU.ActiveCfg = Release|Any CPU
		{151E60CE-9948-4BF5-B57F-5A1891CDC7D4}.Release|Any CPU.Build.0 = Release|Any CPU
	EndGlobalSection
	GlobalSection(SolutionProperties) = preSolution
		HideSolutionNode = FALSE
	EndGlobalSection
	GlobalSection(ExtensibilityGlobals) = postSolution
		SolutionGuid = {4F0E9EA9-9751-457A-8123-F3303620DD48}
	EndGlobalSection
EndGlobal
